// !$*UTF8*$!
{
	archiveVersion = 1;
	classes = {
	};
	objectVersion = 46;
	objects = {

/* Begin PBXFileReference section */
		8F41F8B314F9830E00E88793 /* Download.h */ = {isa = PBXFileReference; lastKnownFileType = sourcecode.c.h; path = Download.h; sourceTree = "<group>"; };
		8F41F8B414F9830E00E88793 /* Download.m */ = {isa = PBXFileReference; lastKnownFileType = sourcecode.c.objc; path = Download.m; sourceTree = "<group>"; };
		8F41F8B514F9830E00E88793 /* DownloadManager.h */ = {isa = PBXFileReference; lastKnownFileType = sourcecode.c.h; path = DownloadManager.h; sourceTree = "<group>"; };
		8F41F8B614F9830E00E88793 /* DownloadManager.m */ = {isa = PBXFileReference; lastKnownFileType = sourcecode.c.objc; path = DownloadManager.m; sourceTree = "<group>"; };
		8F41F8B714F9830E00E88793 /* ZipDownload.h */ = {isa = PBXFileReference; lastKnownFileType = sourcecode.c.h; path = ZipDownload.h; sourceTree = "<group>"; };
		8F41F8B814F9830E00E88793 /* ZipDownload.m */ = {isa = PBXFileReference; lastKnownFileType = sourcecode.c.objc; path = ZipDownload.m; sourceTree = "<group>"; };
/* End PBXFileReference section */

/* Begin PBXGroup section */
		8F41F8A714F982DB00E88793 = {
			isa = PBXGroup;
			children = (
				8F41F8B314F9830E00E88793 /* Download.h */,
				8F41F8B414F9830E00E88793 /* Download.m */,
				8F41F8B514F9830E00E88793 /* DownloadManager.h */,
				8F41F8B614F9830E00E88793 /* DownloadManager.m */,
				8F41F8B714F9830E00E88793 /* ZipDownload.h */,
				8F41F8B814F9830E00E88793 /* ZipDownload.m */,
			);
			sourceTree = "<group>";
		};
/* End PBXGroup section */

/* Begin PBXProject section */
		8F41F8A914F982DB00E88793 /* Project object */ = {
			isa = PBXProject;
			attributes = {
				LastUpgradeCheck = 0420;
			};
			buildConfigurationList = 8F41F8AC14F982DB00E88793 /* Build configuration list for PBXProject "DownloadManager" */;
			compatibilityVersion = "Xcode 3.2";
			developmentRegion = English;
			hasScannedForEncodings = 0;
			knownRegions = (
				en,
			);
			mainGroup = 8F41F8A714F982DB00E88793;
			projectDirPath = "";
			projectRoot = "";
			targets = (
			);
		};
/* End PBXProject section */

/* Begin XCBuildConfiguration section */
		8F41F8AE14F982DB00E88793 /* Debug */ = {
			isa = XCBuildConfiguration;
			buildSettings = {
			};
			name = Debug;
		};
		8F41F8AF14F982DB00E88793 /* Release */ = {
			isa = XCBuildConfiguration;
			buildSettings = {
			};
			name = Release;
		};
/* End XCBuildConfiguration section */

/* Begin XCConfigurationList section */
		8F41F8AC14F982DB00E88793 /* Build configuration list for PBXProject "DownloadManager" */ = {
			isa = XCConfigurationList;
			buildConfigurations = (
				8F41F8AE14F982DB00E88793 /* Debug */,
				8F41F8AF14F982DB00E88793 /* Release */,
			);
			defaultConfigurationIsVisible = 0;
			defaultConfigurationName = Release;
		};
/* End XCConfigurationList section */
	};
	rootObject = 8F41F8A914F982DB00E88793 /* Project object */;
}
